
Microsoft Visual Studio Solution File, Format Version 12.00
# Visual Studio Version 17
VisualStudioVersion = 17.7.34031.279
MinimumVisualStudioVersion = 10.0.40219.1
Project("{FAE04EC0-301F-11D3-BF4B-00C04F79EFBC}") = "Praktika5", "Praktika5\Praktika5.csproj", "{E0543C57-7AEE-45B8-AB67-29A4FA029BFF}"
EndProject
Global
	GlobalSection(SolutionConfigurationPlatforms) = preSolution
		Debug|Any CPU = Debug|Any CPU
		Release|Any CPU = Release|Any CPU
	EndGlobalSection
	GlobalSection(ProjectConfigurationPlatforms) = postSolution
		{E0543C57-7AEE-45B8-AB67-29A4FA029BFF}.Debug|Any CPU.ActiveCfg = Debug|Any CPU
		{E0543C57-7AEE-45B8-AB67-29A4FA029BFF}.Debug|Any CPU.Build.0 = Debug|Any CPU
		{E0543C57-7AEE-45B8-AB67-29A4FA029BFF}.Release|Any CPU.ActiveCfg = Release|Any CPU
		{E0543C57-7AEE-45B8-AB67-29A4FA029BFF}.Release|Any CPU.Build.0 = Release|Any CPU
	EndGlobalSection
	GlobalSection(SolutionProperties) = preSolution
		HideSolutionNode = FALSE
	EndGlobalSection
	GlobalSection(ExtensibilityGlobals) = postSolution
		SolutionGuid = {DA2E0EE9-4D48-4C63-87F4-B217B001022D}
	EndGlobalSection
EndGlobal
